
Microsoft Visual Studio Solution File, Format Version 12.00
# Visual Studio Version 17
VisualStudioVersion = 17.12.35707.178
MinimumVisualStudioVersion = 10.0.40219.1
Project("{FAE04EC0-301F-11D3-BF4B-00C04F79EFBC}") = "Contec_KT88-2400", "Contec_KT88-2400.csproj", "{1F4C7FC6-0946-4CE4-A422-4B0386BC682D}"
EndProject
Project("{FAE04EC0-301F-11D3-BF4B-00C04F79EFBC}") = "Test_KT88-2400", "..\Test_KT880-2400\Test_KT88-2400.csproj", "{0A5C259C-449D-4248-91A2-87E0A7CF17A9}"
EndProject
Project("{FAE04EC0-301F-11D3-BF4B-00C04F79EFBC}") = "Plot_KT880-2400", "..\Plot_KT880-2400\Plot_KT880-2400.csproj", "{C2620134-AF86-4F3E-80DE-F3245A637821}"
EndProject
Project("{FAE04EC0-301F-11D3-BF4B-00C04F79EFBC}") = "LSL_KT88-2400", "..\LSL_KT88-2400\LSL_KT88-2400.csproj", "{090740B6-5DDB-4B09-90C8-157AFE1F71A3}"
EndProject
Project("{FAE04EC0-301F-11D3-BF4B-00C04F79EFBC}") = "liblsl", "..\liblsl-Csharp\liblsl.csproj", "{561B9E34-2548-4888-A1A1-07ECD70AC34C}"
EndProject
Global
	GlobalSection(SolutionConfigurationPlatforms) = preSolution
		Debug|Any CPU = Debug|Any CPU
		Release|Any CPU = Release|Any CPU
	EndGlobalSection
	GlobalSection(ProjectConfigurationPlatforms) = postSolution
		{1F4C7FC6-0946-4CE4-A422-4B0386BC682D}.Debug|Any CPU.ActiveCfg = Debug|Any CPU
		{1F4C7FC6-0946-4CE4-A422-4B0386BC682D}.Debug|Any CPU.Build.0 = Debug|Any CPU
		{1F4C7FC6-0946-4CE4-A422-4B0386BC682D}.Release|Any CPU.ActiveCfg = Release|Any CPU
		{1F4C7FC6-0946-4CE4-A422-4B0386BC682D}.Release|Any CPU.Build.0 = Release|Any CPU
		{0A5C259C-449D-4248-91A2-87E0A7CF17A9}.Debug|Any CPU.ActiveCfg = Debug|Any CPU
		{0A5C259C-449D-4248-91A2-87E0A7CF17A9}.Debug|Any CPU.Build.0 = Debug|Any CPU
		{0A5C259C-449D-4248-91A2-87E0A7CF17A9}.Release|Any CPU.ActiveCfg = Release|Any CPU
		{0A5C259C-449D-4248-91A2-87E0A7CF17A9}.Release|Any CPU.Build.0 = Release|Any CPU
		{C2620134-AF86-4F3E-80DE-F3245A637821}.Debug|Any CPU.ActiveCfg = Debug|Any CPU
		{C2620134-AF86-4F3E-80DE-F3245A637821}.Debug|Any CPU.Build.0 = Debug|Any CPU
		{C2620134-AF86-4F3E-80DE-F3245A637821}.Release|Any CPU.ActiveCfg = Release|Any CPU
		{C2620134-AF86-4F3E-80DE-F3245A637821}.Release|Any CPU.Build.0 = Release|Any CPU
		{090740B6-5DDB-4B09-90C8-157AFE1F71A3}.Debug|Any CPU.ActiveCfg = Debug|Any CPU
		{090740B6-5DDB-4B09-90C8-157AFE1F71A3}.Debug|Any CPU.Build.0 = Debug|Any CPU
		{090740B6-5DDB-4B09-90C8-157AFE1F71A3}.Release|Any CPU.ActiveCfg = Release|Any CPU
		{090740B6-5DDB-4B09-90C8-157AFE1F71A3}.Release|Any CPU.Build.0 = Release|Any CPU
		{561B9E34-2548-4888-A1A1-07ECD70AC34C}.Debug|Any CPU.ActiveCfg = Debug|Any CPU
		{561B9E34-2548-4888-A1A1-07ECD70AC34C}.Debug|Any CPU.Build.0 = Debug|Any CPU
		{561B9E34-2548-4888-A1A1-07ECD70AC34C}.Release|Any CPU.ActiveCfg = Release|Any CPU
		{561B9E34-2548-4888-A1A1-07ECD70AC34C}.Release|Any CPU.Build.0 = Release|Any CPU
	EndGlobalSection
	GlobalSection(SolutionProperties) = preSolution
		HideSolutionNode = FALSE
	EndGlobalSection
EndGlobal
